
Microsoft Visual Studio Solution File, Format Version 12.00
# Visual Studio 15
VisualStudioVersion = 15.0.27130.2020
MinimumVisualStudioVersion = 10.0.40219.1
Project("{9A19103F-16F7-4668-BE54-9A1E7A4F7556}") = "ServerApp", "ServerApp\ServerApp.csproj", "{5010B912-6704-487D-B8EE-DDCC58B9C0AC}"
EndProject
Project("{9A19103F-16F7-4668-BE54-9A1E7A4F7556}") = "Common", "Common\Common.csproj", "{E801F1EC-EBD6-4622-AA10-8C90ED2044D1}"
EndProject
Project("{9A19103F-16F7-4668-BE54-9A1E7A4F7556}") = "LoginServer", "LoginServer\LoginServer.csproj", "{EBA50843-FA2F-42CE-B0C0-36DB1782079F}"
EndProject
Project("{9A19103F-16F7-4668-BE54-9A1E7A4F7556}") = "ChannelServer", "Channel\ChannelServer.csproj", "{CDCC5AB5-791E-4877-B926-28FA17F7CD6D}"
EndProject
Project("{9A19103F-16F7-4668-BE54-9A1E7A4F7556}") = "WorldServer", "WorldServer\WorldServer.csproj", "{F3A223D8-5705-470F-9675-99F29D8136F6}"
EndProject
Global
	GlobalSection(SolutionConfigurationPlatforms) = preSolution
		Debug|Any CPU = Debug|Any CPU
		Release|Any CPU = Release|Any CPU
	EndGlobalSection
	GlobalSection(ProjectConfigurationPlatforms) = postSolution
		{5010B912-6704-487D-B8EE-DDCC58B9C0AC}.Debug|Any CPU.ActiveCfg = Debug|Any CPU
		{5010B912-6704-487D-B8EE-DDCC58B9C0AC}.Debug|Any CPU.Build.0 = Debug|Any CPU
		{5010B912-6704-487D-B8EE-DDCC58B9C0AC}.Release|Any CPU.ActiveCfg = Release|Any CPU
		{5010B912-6704-487D-B8EE-DDCC58B9C0AC}.Release|Any CPU.Build.0 = Release|Any CPU
		{E801F1EC-EBD6-4622-AA10-8C90ED2044D1}.Debug|Any CPU.ActiveCfg = Debug|Any CPU
		{E801F1EC-EBD6-4622-AA10-8C90ED2044D1}.Debug|Any CPU.Build.0 = Debug|Any CPU
		{E801F1EC-EBD6-4622-AA10-8C90ED2044D1}.Release|Any CPU.ActiveCfg = Release|Any CPU
		{E801F1EC-EBD6-4622-AA10-8C90ED2044D1}.Release|Any CPU.Build.0 = Release|Any CPU
		{EBA50843-FA2F-42CE-B0C0-36DB1782079F}.Debug|Any CPU.ActiveCfg = Debug|Any CPU
		{EBA50843-FA2F-42CE-B0C0-36DB1782079F}.Debug|Any CPU.Build.0 = Debug|Any CPU
		{EBA50843-FA2F-42CE-B0C0-36DB1782079F}.Release|Any CPU.ActiveCfg = Release|Any CPU
		{EBA50843-FA2F-42CE-B0C0-36DB1782079F}.Release|Any CPU.Build.0 = Release|Any CPU
		{CDCC5AB5-791E-4877-B926-28FA17F7CD6D}.Debug|Any CPU.ActiveCfg = Debug|Any CPU
		{CDCC5AB5-791E-4877-B926-28FA17F7CD6D}.Debug|Any CPU.Build.0 = Debug|Any CPU
		{CDCC5AB5-791E-4877-B926-28FA17F7CD6D}.Release|Any CPU.ActiveCfg = Release|Any CPU
		{CDCC5AB5-791E-4877-B926-28FA17F7CD6D}.Release|Any CPU.Build.0 = Release|Any CPU
		{F3A223D8-5705-470F-9675-99F29D8136F6}.Debug|Any CPU.ActiveCfg = Debug|Any CPU
		{F3A223D8-5705-470F-9675-99F29D8136F6}.Debug|Any CPU.Build.0 = Debug|Any CPU
		{F3A223D8-5705-470F-9675-99F29D8136F6}.Release|Any CPU.ActiveCfg = Release|Any CPU
		{F3A223D8-5705-470F-9675-99F29D8136F6}.Release|Any CPU.Build.0 = Release|Any CPU
	EndGlobalSection
	GlobalSection(SolutionProperties) = preSolution
		HideSolutionNode = FALSE
	EndGlobalSection
	GlobalSection(ExtensibilityGlobals) = postSolution
		SolutionGuid = {E87CBB35-71DC-4C32-9480-333DCE0A93A1}
	EndGlobalSection
EndGlobal
